// !$*UTF8*$!
{
	archiveVersion = 1;
	classes = {
	};
	objectVersion = 48;
	objects = {

/* Begin PBXFileReference section */
		DDCE35632032701D007CFA3E /* RCCode.cpp */ = {isa = PBXFileReference; lastKnownFileType = sourcecode.cpp.cpp; path = RCCode.cpp; sourceTree = "<group>"; };
		DDCE35642032701D007CFA3E /* RCCode.hpp */ = {isa = PBXFileReference; lastKnownFileType = sourcecode.cpp.h; path = RCCode.hpp; sourceTree = "<group>"; };
/* End PBXFileReference section */

/* Begin PBXGroup section */
		DDCE355C20326FF4007CFA3E = {
			isa = PBXGroup;
			children = (
				DDCE35632032701D007CFA3E /* RCCode.cpp */,
				DDCE35642032701D007CFA3E /* RCCode.hpp */,
			);
			sourceTree = "<group>";
		};
/* End PBXGroup section */

/* Begin PBXProject section */
		DDCE355D20326FF4007CFA3E /* Project object */ = {
			isa = PBXProject;
			attributes = {
				LastUpgradeCheck = 0920;
			};
			buildConfigurationList = DDCE356020326FF4007CFA3E /* Build configuration list for PBXProject "ArduinoCode" */;
			compatibilityVersion = "Xcode 8.0";
			developmentRegion = en;
			hasScannedForEncodings = 0;
			knownRegions = (
				en,
			);
			mainGroup = DDCE355C20326FF4007CFA3E;
			projectDirPath = "";
			projectRoot = "";
			targets = (
			);
		};
/* End PBXProject section */

/* Begin XCBuildConfiguration section */
		DDCE356120326FF4007CFA3E /* Debug */ = {
			isa = XCBuildConfiguration;
			buildSettings = {
			};
			name = Debug;
		};
		DDCE356220326FF4007CFA3E /* Release */ = {
			isa = XCBuildConfiguration;
			buildSettings = {
			};
			name = Release;
		};
/* End XCBuildConfiguration section */

/* Begin XCConfigurationList section */
		DDCE356020326FF4007CFA3E /* Build configuration list for PBXProject "ArduinoCode" */ = {
			isa = XCConfigurationList;
			buildConfigurations = (
				DDCE356120326FF4007CFA3E /* Debug */,
				DDCE356220326FF4007CFA3E /* Release */,
			);
			defaultConfigurationIsVisible = 0;
			defaultConfigurationName = Release;
		};
/* End XCConfigurationList section */
	};
	rootObject = DDCE355D20326FF4007CFA3E /* Project object */;
}
